lockfileVersion: '9.0'

settings:
  autoInstallPeers: true
  excludeLinksFromLockfile: false

importers:

  .:
    dependencies:
      axios:
        specifier: ^0.21.0
        version: 0.21.4
      axios-cookiejar-support:
        specifier: ^1.0.1
        version: 1.0.1(@types/tough-cookie@4.0.5)(axios@0.21.4)(tough-cookie@4.1.4)
      tough-cookie:
        specifier: ^4.0.0
        version: 4.1.4
    devDependencies:
      '@ztools-center/ztools-api-types':
        specifier: ^1.0.1
        version: 1.0.3

packages:

  '@types/tough-cookie@4.0.5':
    resolution: {integrity: sha512-/Ad8+nIOV7Rl++6f1BdKxFSMgmoqEoYbHRpPcx3JEfv8VRsQe9Z4mCXeJBzxs7mbHY/XOZZuXlRNfhpVPbs6ZA==}

  '@ztools-center/ztools-api-types@1.0.3':
    resolution: {integrity: sha512-dv1eOAIasAupqKaQL/gESk1i2+RebdM/1gvZhrvH2D/bo3enCUsAGJ8nrHnlCLBSOGB81eC/SU0IH8BNsUlmvA==}

  axios-cookiejar-support@1.0.1:
    resolution: {integrity: sha512-IZJxnAJ99XxiLqNeMOqrPbfR7fRyIfaoSLdPUf4AMQEGkH8URs0ghJK/xtqBsD+KsSr3pKl4DEQjCn834pHMig==}
    engines: {node: '>= 10.0.0'}
    peerDependencies:
      '@types/tough-cookie': '>=2.3.3'
      axios: '>=0.16.2'
      tough-cookie: '>=2.3.3'

  axios@0.21.4:
    resolution: {integrity: sha512-ut5vewkiu8jjGBdqpM44XxjuCjq9LAKeHVmoVfHVzy8eHgxxq8SbAVQNovDA8mVi05kP0Ea/n/UzcSHcTJQfNg==}

  follow-redirects@1.15.11:
    resolution: {integrity: sha512-deG2P0JfjrTxl50XGCDyfI97ZGVCxIpfKYmfyrQ54n5FO/0gfIES8C/Psl6kWVDolizcaaxZJnTS0QSMxvnsBQ==}
    engines: {node: '>=4.0'}
    peerDependencies:
      debug: '*'
    peerDependenciesMeta:
      debug:
        optional: true

  is-redirect@1.0.0:
    resolution: {integrity: sha512-cr/SlUEe5zOGmzvj9bUyC4LVvkNVAXu4GytXLNMr1pny+a65MpQ9IJzFHD5vi7FyJgb4qt27+eS3TuQnqB+RQw==}
    engines: {node: '>=0.10.0'}

  pify@5.0.0:
    resolution: {integrity: sha512-eW/gHNMlxdSP6dmG6uJip6FXN0EQBwm2clYYd8Wul42Cwu/DK8HEftzsapcNdYe2MfLiIwZqsDk2RDEsTE79hA==}
    engines: {node: '>=10'}

  psl@1.15.0:
    resolution: {integrity: sha512-JZd3gMVBAVQkSs6HdNZo9Sdo0LNcQeMNP3CozBJb3JYC/QUYZTnKxP+f8oWRX4rHP5EurWxqAHTSwUCjlNKa1w==}

  punycode@2.3.1:
    resolution: {integrity: sha512-vYt7UD1U9Wg6138shLtLOvdAu+8DsC/ilFtEVHcH+wydcSpNE20AfSOduf6MkRFahL5FY7X1oU7nKVZFtfq8Fg==}
    engines: {node: '>=6'}

  querystringify@2.2.0:
    resolution: {integrity: sha512-FIqgj2EUvTa7R50u0rGsyTftzjYmv/a3hO345bZNrqabNqjtgiDMgmo4mkUjd+nzU5oF3dClKqFIPUKybUyqoQ==}

  requires-port@1.0.0:
    resolution: {integrity: sha512-KigOCHcocU3XODJxsu8i/j8T9tzT4adHiecwORRQ0ZZFcp7ahwXuRU1m+yuO90C5ZUyGeGfocHDI14M3L3yDAQ==}

  tough-cookie@4.1.4:
    resolution: {integrity: sha512-Loo5UUvLD9ScZ6jh8beX1T6sO1w2/MpCRpEP7V280GKMVUQ0Jzar2U3UJPsrdbziLEMMhu3Ujnq//rhiFuIeag==}
    engines: {node: '>=6'}

  universalify@0.2.0:
    resolution: {integrity: sha512-CJ1QgKmNg3CwvAv/kOFmtnEN05f0D/cn9QntgNOQlQF9dgvVTHj3t+8JPdjqawCHk7V/KA+fbUqzZ9XWhcqPUg==}
    engines: {node: '>= 4.0.0'}

  url-parse@1.5.10:
    resolution: {integrity: sha512-WypcfiRhfeUP9vvF0j6rw0J3hrWrw6iZv3+22h6iRMJ/8z1Tj6XfLP4DsUix5MhMPnXpiHDoKyoZ/bdCkwBCiQ==}

snapshots:

  '@types/tough-cookie@4.0.5': {}

  '@ztools-center/ztools-api-types@1.0.3': {}

  axios-cookiejar-support@1.0.1(@types/tough-cookie@4.0.5)(axios@0.21.4)(tough-cookie@4.1.4):
    dependencies:
      '@types/tough-cookie': 4.0.5
      axios: 0.21.4
      is-redirect: 1.0.0
      pify: 5.0.0
      tough-cookie: 4.1.4

  axios@0.21.4:
    dependencies:
      follow-redirects: 1.15.11
    transitivePeerDependencies:
      - debug

  follow-redirects@1.15.11: {}

  is-redirect@1.0.0: {}

  pify@5.0.0: {}

  psl@1.15.0:
    dependencies:
      punycode: 2.3.1

  punycode@2.3.1: {}

  querystringify@2.2.0: {}

  requires-port@1.0.0: {}

  tough-cookie@4.1.4:
    dependencies:
      psl: 1.15.0
      punycode: 2.3.1
      universalify: 0.2.0
      url-parse: 1.5.10

  universalify@0.2.0: {}

  url-parse@1.5.10:
    dependencies:
      querystringify: 2.2.0
      requires-port: 1.0.0
